<?xml version="1.0" encoding="utf-8"?>
<Project ToolsVersion="4.0" xmlns="http://schemas.microsoft.com/developer/msbuild/2003">
  <ItemGroup>
    <Filter Include="Source Files">
      <UniqueIdentifier>{4FC737F1-C7A5-4376-A066-2A32D752A2FF}</UniqueIdentifier>
      <Extensions>cpp;c;cc;cxx;c++;cppm;ixx;def;odl;idl;hpj;bat;asm;asmx</Extensions>
    </Filter>
    <Filter Include="Header Files">
      <UniqueIdentifier>{93995380-89BD-4b04-88EB-625FBE52EBFB}</UniqueIdentifier>
      <Extensions>h;hh;hpp;hxx;h++;hm;inl;inc;ipp;xsd</Extensions>
    </Filter>
    <Filter Include="Resource Files">
      <UniqueIdentifier>{67DA6AB6-F800-4c08-8B7A-83BB121AAD01}</UniqueIdentifier>
      <Extensions>rc;ico;cur;bmp;dlg;rc2;rct;bin;rgs;gif;jpg;jpeg;jpe;resx;tiff;tif;png;wav;mfcribbon-ms</Extensions>
    </Filter>
    <Filter Include="Resource Files\Materiels">
      <UniqueIdentifier>{e90d7d5f-bc5d-49f0-82be-aef530d154c0}</UniqueIdentifier>
    </Filter>
    <Filter Include="Resource Files\Scenes">
      <UniqueIdentifier>{08e828bc-1639-44ad-a223-adb452294b10}</UniqueIdentifier>
    </Filter>
    <Filter Include="Resource Files\Shaders">
      <UniqueIdentifier>{15d6cf42-720b-47ad-94fd-679c901acc12}</UniqueIdentifier>
    </Filter>
    <Filter Include="Resource Files\Shaders\Lit">
      <UniqueIdentifier>{f566779b-b6c9-4d72-b611-d0192ca0d809}</UniqueIdentifier>
    </Filter>
    <Filter Include="Resource Files\Shaders\Unlit">
      <UniqueIdentifier>{d0c10d40-cb79-40d4-a854-eaf86f818c44}</UniqueIdentifier>
    </Filter>
    <Filter Include="Resource Files\Shaders\Fx">
      <UniqueIdentifier>{5efe49c0-672e-4422-8cdf-69201c1ae781}</UniqueIdentifier>
    </Filter>
    <Filter Include="Resource Files\Shaders\PostProcess">
      <UniqueIdentifier>{5d798bd6-35c1-438e-9aae-24b627581cb8}</UniqueIdentifier>
    </Filter>
  </ItemGroup>
  <ItemGroup>
    <ClCompile Include="Main.cpp">
      <Filter>Source Files</Filter>
    </ClCompile>
  </ItemGroup>
  <ItemGroup>
    <None Include="..\Build\Assets\materials\cow.mtrl">
      <Filter>Resource Files\Materiels</Filter>
    </None>
    <None Include="..\Build\Assets\materials\box.mtrl">
      <Filter>Resource Files\Materiels</Filter>
    </None>
    <None Include="..\Build\Assets\scenes\basic.scn">
      <Filter>Resource Files\Scenes</Filter>
    </None>
    <None Include="..\Build\Assets\shaders\basic.frag">
      <Filter>Resource Files\Shaders</Filter>
    </None>
    <None Include="..\Build\Assets\shaders\basic.prog">
      <Filter>Resource Files\Shaders</Filter>
    </None>
    <None Include="..\Build\Assets\shaders\basic.vert">
      <Filter>Resource Files\Shaders</Filter>
    </None>
    <None Include="..\Build\Assets\shaders\basicLit.frag">
      <Filter>Resource Files\Shaders</Filter>
    </None>
    <None Include="..\Build\Assets\shaders\basicLit.prog">
      <Filter>Resource Files\Shaders</Filter>
    </None>
    <None Include="..\Build\Assets\shaders\basicLit.vert">
      <Filter>Resource Files\Shaders</Filter>
    </None>
    <None Include="..\Build\Assets\scenes\basicLit.scn">
      <Filter>Resource Files\Scenes</Filter>
    </None>
    <None Include="..\Build\Assets\shaders\basicPhong.frag">
      <Filter>Resource Files\Shaders</Filter>
    </None>
    <None Include="..\Build\Assets\shaders\basicPhong.prog">
      <Filter>Resource Files\Shaders</Filter>
    </None>
    <None Include="..\Build\Assets\shaders\basicPhong.vert">
      <Filter>Resource Files\Shaders</Filter>
    </None>
    <None Include="..\Build\Assets\materials\scene.mtrl">
      <Filter>Resource Files\Materiels</Filter>
    </None>
    <None Include="..\Build\Assets\scenes\texture.scn">
      <Filter>Resource Files\Scenes</Filter>
    </None>
    <None Include="..\Build\Assets\materials\multi.mtrl">
      <Filter>Resource Files\Materiels</Filter>
    </None>
    <None Include="..\Build\Assets\materials\Skull.mtrl">
      <Filter>Resource Files\Materiels</Filter>
    </None>
    <None Include="..\Build\Assets\shaders\Lit\normalPhong.frag">
      <Filter>Resource Files\Shaders\Lit</Filter>
    </None>
    <None Include="..\Build\Assets\shaders\Lit\normalPhong.prog">
      <Filter>Resource Files\Shaders\Lit</Filter>
    </None>
    <None Include="..\Build\Assets\shaders\Lit\normalPhong.vert">
      <Filter>Resource Files\Shaders\Lit</Filter>
    </None>
    <None Include="..\Build\Assets\shaders\Lit\texturePhong.frag">
      <Filter>Resource Files\Shaders\Lit</Filter>
    </None>
    <None Include="..\Build\Assets\shaders\Lit\texturePhong.prog">
      <Filter>Resource Files\Shaders\Lit</Filter>
    </None>
    <None Include="..\Build\Assets\shaders\Lit\texturePhong.vert">
      <Filter>Resource Files\Shaders\Lit</Filter>
    </None>
    <None Include="..\Build\Assets\shaders\Unlit\color.frag">
      <Filter>Resource Files\Shaders\Unlit</Filter>
    </None>
    <None Include="..\Build\Assets\shaders\Unlit\color.prog">
      <Filter>Resource Files\Shaders\Unlit</Filter>
    </None>
    <None Include="..\Build\Assets\shaders\Unlit\color.vert">
      <Filter>Resource Files\Shaders\Unlit</Filter>
    </None>
    <None Include="..\Build\Assets\shaders\Unlit\texture.frag">
      <Filter>Resource Files\Shaders\Unlit</Filter>
    </None>
    <None Include="..\Build\Assets\shaders\Unlit\texture.prog">
      <Filter>Resource Files\Shaders\Unlit</Filter>
    </None>
    <None Include="..\Build\Assets\shaders\Unlit\texture.vert">
      <Filter>Resource Files\Shaders\Unlit</Filter>
    </None>
    <None Include="..\Build\Assets\shaders\Fx\toon.frag">
      <Filter>Resource Files\Shaders\Fx</Filter>
    </None>
    <None Include="..\Build\Assets\shaders\Fx\toon.prog">
      <Filter>Resource Files\Shaders\Fx</Filter>
    </None>
    <None Include="..\Build\Assets\shaders\Fx\toon.vert">
      <Filter>Resource Files\Shaders\Fx</Filter>
    </None>
    <None Include="..\Build\Assets\scenes\cubemap.scn">
      <Filter>Resource Files\Scenes</Filter>
    </None>
    <None Include="..\Build\Assets\materials\skybox.mtrl">
      <Filter>Resource Files\Materiels</Filter>
    </None>
    <None Include="..\Build\Assets\shaders\Fx\skybox.vert">
      <Filter>Resource Files\Shaders\Fx</Filter>
    </None>
    <None Include="..\Build\Assets\shaders\Fx\skybox.frag">
      <Filter>Resource Files\Shaders\Fx</Filter>
    </None>
    <None Include="..\Build\Assets\shaders\Fx\skybox.prog">
      <Filter>Resource Files\Shaders\Fx</Filter>
    </None>
    <None Include="..\Build\Assets\shaders\Fx\reflection.vert">
      <Filter>Resource Files\Shaders\Fx</Filter>
    </None>
    <None Include="..\Build\Assets\shaders\Fx\reflection.frag">
      <Filter>Resource Files\Shaders\Fx</Filter>
    </None>
    <None Include="..\Build\Assets\shaders\Fx\reflection.prog">
      <Filter>Resource Files\Shaders\Fx</Filter>
    </None>
    <None Include="..\Build\Assets\materials\reflection.mtrl">
      <Filter>Resource Files\Materiels</Filter>
    </None>
    <None Include="..\Build\Assets\shaders\Fx\refrac.frag">
      <Filter>Resource Files\Shaders\Fx</Filter>
    </None>
    <None Include="..\Build\Assets\shaders\Fx\refrac.prog">
      <Filter>Resource Files\Shaders\Fx</Filter>
    </None>
    <None Include="..\Build\Assets\shaders\Fx\refrac.vert">
      <Filter>Resource Files\Shaders\Fx</Filter>
    </None>
    <None Include="..\Build\Assets\materials\refrac.mtrl">
      <Filter>Resource Files\Materiels</Filter>
    </None>
    <None Include="..\Build\Assets\shaders\Fx\refraf.frag">
      <Filter>Resource Files\Shaders\Fx</Filter>
    </None>
    <None Include="..\Build\Assets\shaders\Fx\refraf.prog">
      <Filter>Resource Files\Shaders\Fx</Filter>
    </None>
    <None Include="..\Build\Assets\shaders\Fx\refraf.vert">
      <Filter>Resource Files\Shaders\Fx</Filter>
    </None>
    <None Include="..\Build\Assets\materials\refraf.mtrl">
      <Filter>Resource Files\Materiels</Filter>
    </None>
    <None Include="..\Build\Assets\scenes\rtt.scn">
      <Filter>Resource Files\Scenes</Filter>
    </None>
    <None Include="..\Build\Assets\materials\RTT.mtrl">
      <Filter>Resource Files\Materiels</Filter>
    </None>
    <None Include="..\Build\Assets\shaders\PostProcess\postprocess.frag">
      <Filter>Resource Files\Shaders\PostProcess</Filter>
    </None>
    <None Include="..\Build\Assets\shaders\PostProcess\postprocess.prog">
      <Filter>Resource Files\Shaders\PostProcess</Filter>
    </None>
    <None Include="..\Build\Assets\shaders\PostProcess\postprocess.vert">
      <Filter>Resource Files\Shaders\PostProcess</Filter>
    </None>
    <None Include="..\Build\Assets\materials\postprocess.mtrl">
      <Filter>Resource Files\Materiels</Filter>
    </None>
    <None Include="..\Build\Assets\scenes\final.scn">
      <Filter>Resource Files\Scenes</Filter>
    </None>
    <None Include="..\Build\Assets\materials\skyboxFinal.mtrl">
      <Filter>Resource Files\Materiels</Filter>
    </None>
    <None Include="..\Build\Assets\materials\Desk.mtrl">
      <Filter>Resource Files\Materiels</Filter>
    </None>
    <None Include="..\Build\Assets\materials\perp.mtrl">
      <Filter>Resource Files\Materiels</Filter>
    </None>
    <None Include="..\Build\Assets\materials\takeout.mtrl">
      <Filter>Resource Files\Materiels</Filter>
    </None>
    <None Include="..\Build\Assets\materials\money.mtrl">
      <Filter>Resource Files\Materiels</Filter>
    </None>
    <None Include="..\Build\Assets\materials\gun.mtrl">
      <Filter>Resource Files\Materiels</Filter>
    </None>
    <None Include="..\Build\Assets\materials\room.mtrl">
      <Filter>Resource Files\Materiels</Filter>
    </None>
  </ItemGroup>
</Project>